
Microsoft Visual Studio Solution File, Format Version 12.00
# Visual Studio Version 17
VisualStudioVersion = 17.11.35327.3
MinimumVisualStudioVersion = 10.0.40219.1
Project("{FAE04EC0-301F-11D3-BF4B-00C04F79EFBC}") = "TodoApp", "TodoApp\TodoApp.csproj", "{58BC0FD9-03E5-400C-A3A7-69B1162754AA}"
EndProject
Global
	GlobalSection(SolutionConfigurationPlatforms) = preSolution
		Debug|Any CPU = Debug|Any CPU
		Release|Any CPU = Release|Any CPU
	EndGlobalSection
	GlobalSection(ProjectConfigurationPlatforms) = postSolution
		{58BC0FD9-03E5-400C-A3A7-69B1162754AA}.Debug|Any CPU.ActiveCfg = Debug|Any CPU
		{58BC0FD9-03E5-400C-A3A7-69B1162754AA}.Debug|Any CPU.Build.0 = Debug|Any CPU
		{58BC0FD9-03E5-400C-A3A7-69B1162754AA}.Release|Any CPU.ActiveCfg = Release|Any CPU
		{58BC0FD9-03E5-400C-A3A7-69B1162754AA}.Release|Any CPU.Build.0 = Release|Any CPU
	EndGlobalSection
	GlobalSection(SolutionProperties) = preSolution
		HideSolutionNode = FALSE
	EndGlobalSection
	GlobalSection(ExtensibilityGlobals) = postSolution
		SolutionGuid = {D3C2C1FF-1BBC-4078-9E6C-9F35CF95A36F}
	EndGlobalSection
EndGlobal
